Microsoft Visual Studio Solution File, Format Version 11.00
# Visual Studio 2008

Project("{BD0B03EC-9914-C023-A1FA-CC6E76DECF8D}") = "conecter", "Assembly-CSharp.csproj", "{45260109-B5AE-4970-9D42-B9CE08A120F1}"
EndProject
Global
	GlobalSection(SolutionConfigurationPlatforms) = preSolution
		Debug|Any CPU = Debug|Any CPU
		Release|Any CPU = Release|Any CPU
	EndGlobalSection
	GlobalSection(ProjectConfigurationPlatforms) = postSolution
		{45260109-B5AE-4970-9D42-B9CE08A120F1}.Debug|Any CPU.ActiveCfg = Debug|Any CPU
		{45260109-B5AE-4970-9D42-B9CE08A120F1}.Debug|Any CPU.Build.0 = Debug|Any CPU
		{45260109-B5AE-4970-9D42-B9CE08A120F1}.Release|Any CPU.ActiveCfg = Release|Any CPU
		{45260109-B5AE-4970-9D42-B9CE08A120F1}.Release|Any CPU.Build.0 = Release|Any CPU
	EndGlobalSection
	GlobalSection(SolutionProperties) = preSolution
		HideSolutionNode = FALSE
	EndGlobalSection
	GlobalSection(MonoDevelopProperties) = preSolution
		StartupItem = Assembly-CSharp.csproj
	EndGlobalSection
EndGlobal
